
Microsoft Visual Studio Solution File, Format Version 12.00
Project("{FAE04EC0-301F-11D3-BF4B-00C04F79EFBC}") = "ConsoleApplication5", "ConsoleApplication5\ConsoleApplication5.csproj", "{B3795DE6-EEA4-4713-A9B1-075B2C2996E0}"
EndProject
Global
	GlobalSection(SolutionConfigurationPlatforms) = preSolution
		Debug|Any CPU = Debug|Any CPU
		Release|Any CPU = Release|Any CPU
	EndGlobalSection
	GlobalSection(ProjectConfigurationPlatforms) = postSolution
		{B3795DE6-EEA4-4713-A9B1-075B2C2996E0}.Debug|Any CPU.ActiveCfg = Debug|Any CPU
		{B3795DE6-EEA4-4713-A9B1-075B2C2996E0}.Debug|Any CPU.Build.0 = Debug|Any CPU
		{B3795DE6-EEA4-4713-A9B1-075B2C2996E0}.Release|Any CPU.ActiveCfg = Release|Any CPU
		{B3795DE6-EEA4-4713-A9B1-075B2C2996E0}.Release|Any CPU.Build.0 = Release|Any CPU
	EndGlobalSection
EndGlobal
