
Microsoft Visual Studio Solution File, Format Version 12.00
# Visual Studio Version 17
VisualStudioVersion = 17.5.002.0
MinimumVisualStudioVersion = 10.0.40219.1
Project("{9A19103F-16F7-4668-BE54-9A1E7A4F7556}") = "OOPPractice3", "OOPPractice3.csproj", "{D36FBA17-83AF-41A8-8287-8E872113C866}"
EndProject
Global
	GlobalSection(SolutionConfigurationPlatforms) = preSolution
		Debug|Any CPU = Debug|Any CPU
		Release|Any CPU = Release|Any CPU
	EndGlobalSection
	GlobalSection(ProjectConfigurationPlatforms) = postSolution
		{D36FBA17-83AF-41A8-8287-8E872113C866}.Debug|Any CPU.ActiveCfg = Debug|Any CPU
		{D36FBA17-83AF-41A8-8287-8E872113C866}.Debug|Any CPU.Build.0 = Debug|Any CPU
		{D36FBA17-83AF-41A8-8287-8E872113C866}.Release|Any CPU.ActiveCfg = Release|Any CPU
		{D36FBA17-83AF-41A8-8287-8E872113C866}.Release|Any CPU.Build.0 = Release|Any CPU
	EndGlobalSection
	GlobalSection(SolutionProperties) = preSolution
		HideSolutionNode = FALSE
	EndGlobalSection
	GlobalSection(ExtensibilityGlobals) = postSolution
		SolutionGuid = {F2544031-6D51-4F09-8E6D-EFE1579F4485}
	EndGlobalSection
EndGlobal
