
Microsoft Visual Studio Solution File, Format Version 12.00
# Visual Studio Version 17
VisualStudioVersion = 17.5.002.0
MinimumVisualStudioVersion = 10.0.40219.1
Project("{9A19103F-16F7-4668-BE54-9A1E7A4F7556}") = "BraveNewWorld", "BraveNewWorld.csproj", "{FAB8EB46-5056-4759-A498-F16F802DF12F}"
EndProject
Global
	GlobalSection(SolutionConfigurationPlatforms) = preSolution
		Debug|Any CPU = Debug|Any CPU
		Release|Any CPU = Release|Any CPU
	EndGlobalSection
	GlobalSection(ProjectConfigurationPlatforms) = postSolution
		{FAB8EB46-5056-4759-A498-F16F802DF12F}.Debug|Any CPU.ActiveCfg = Debug|Any CPU
		{FAB8EB46-5056-4759-A498-F16F802DF12F}.Debug|Any CPU.Build.0 = Debug|Any CPU
		{FAB8EB46-5056-4759-A498-F16F802DF12F}.Release|Any CPU.ActiveCfg = Release|Any CPU
		{FAB8EB46-5056-4759-A498-F16F802DF12F}.Release|Any CPU.Build.0 = Release|Any CPU
	EndGlobalSection
	GlobalSection(SolutionProperties) = preSolution
		HideSolutionNode = FALSE
	EndGlobalSection
	GlobalSection(ExtensibilityGlobals) = postSolution
		SolutionGuid = {11CC3FF4-D892-44C4-9E0A-9914B98FF9EC}
	EndGlobalSection
EndGlobal
