
Microsoft Visual Studio Solution File, Format Version 12.00
# Visual Studio Version 17
VisualStudioVersion = 17.5.002.0
MinimumVisualStudioVersion = 10.0.40219.1
Project("{9A19103F-16F7-4668-BE54-9A1E7A4F7556}") = "UserClass", "UserClass.csproj", "{8B0DC3B6-C69B-489D-AAE9-5986D076FCA7}"
EndProject
Project("{FAE04EC0-301F-11D3-BF4B-00C04F79EFBC}") = "OppHWSecondTask", "..\OppHWSecondTask\OppHWSecondTask.csproj", "{ADC60F5D-F15A-4D2F-8997-028F252F0588}"
EndProject
Global
	GlobalSection(SolutionConfigurationPlatforms) = preSolution
		Debug|Any CPU = Debug|Any CPU
		Release|Any CPU = Release|Any CPU
	EndGlobalSection
	GlobalSection(ProjectConfigurationPlatforms) = postSolution
		{8B0DC3B6-C69B-489D-AAE9-5986D076FCA7}.Debug|Any CPU.ActiveCfg = Debug|Any CPU
		{8B0DC3B6-C69B-489D-AAE9-5986D076FCA7}.Debug|Any CPU.Build.0 = Debug|Any CPU
		{8B0DC3B6-C69B-489D-AAE9-5986D076FCA7}.Release|Any CPU.ActiveCfg = Release|Any CPU
		{8B0DC3B6-C69B-489D-AAE9-5986D076FCA7}.Release|Any CPU.Build.0 = Release|Any CPU
		{ADC60F5D-F15A-4D2F-8997-028F252F0588}.Debug|Any CPU.ActiveCfg = Debug|Any CPU
		{ADC60F5D-F15A-4D2F-8997-028F252F0588}.Debug|Any CPU.Build.0 = Debug|Any CPU
		{ADC60F5D-F15A-4D2F-8997-028F252F0588}.Release|Any CPU.ActiveCfg = Release|Any CPU
		{ADC60F5D-F15A-4D2F-8997-028F252F0588}.Release|Any CPU.Build.0 = Release|Any CPU
	EndGlobalSection
	GlobalSection(SolutionProperties) = preSolution
		HideSolutionNode = FALSE
	EndGlobalSection
	GlobalSection(ExtensibilityGlobals) = postSolution
		SolutionGuid = {A71053BB-45AF-467F-9F1A-1F01D62FFF8D}
	EndGlobalSection
EndGlobal
