
Microsoft Visual Studio Solution File, Format Version 12.00
Project("{FAE04EC0-301F-11D3-BF4B-00C04F79EFBC}") = "BasicConsoleIO", "BasicConsoleIO\BasicConsoleIO.csproj", "{868973AD-9377-4FAB-A04B-17FC53449520}"
EndProject
Global
	GlobalSection(SolutionConfigurationPlatforms) = preSolution
		Debug|Any CPU = Debug|Any CPU
		Release|Any CPU = Release|Any CPU
	EndGlobalSection
	GlobalSection(ProjectConfigurationPlatforms) = postSolution
		{868973AD-9377-4FAB-A04B-17FC53449520}.Debug|Any CPU.ActiveCfg = Debug|Any CPU
		{868973AD-9377-4FAB-A04B-17FC53449520}.Debug|Any CPU.Build.0 = Debug|Any CPU
		{868973AD-9377-4FAB-A04B-17FC53449520}.Release|Any CPU.ActiveCfg = Release|Any CPU
		{868973AD-9377-4FAB-A04B-17FC53449520}.Release|Any CPU.Build.0 = Release|Any CPU
	EndGlobalSection
EndGlobal
